
Microsoft Visual Studio Solution File, Format Version 11.00
# Visual Studio 2010
Project("{8BC9CEB8-8B4A-11D0-8D11-00A0C91BC942}") = "3d", "3d.vcxproj", "{A20D5312-DAE9-474E-A63B-79EE94FC676B}"
EndProject
Project("{8BC9CEB8-8B4A-11D0-8D11-00A0C91BC942}") = "asyncio", "asyncio.vcxproj", "{7D17AC9A-DB58-4D6E-840B-CD06F3E7A1CB}"
EndProject
Project("{8BC9CEB8-8B4A-11D0-8D11-00A0C91BC942}") = "channel_groups", "channel_groups.vcxproj", "{3719B768-CC73-487C-B71E-5B0F63C912C6}"
EndProject
Project("{8BC9CEB8-8B4A-11D0-8D11-00A0C91BC942}") = "convolution_reverb", "convolution_reverb.vcxproj", "{19DED756-EAF0-4E9F-BC2A-3104A45F94B4}"
EndProject
Project("{8BC9CEB8-8B4A-11D0-8D11-00A0C91BC942}") = "dsp_custom", "dsp_custom.vcxproj", "{5C5A6FE2-48D5-49A6-ADC8-AFD509AECDDF}"
EndProject
Project("{8BC9CEB8-8B4A-11D0-8D11-00A0C91BC942}") = "dsp_effect_per_speaker", "dsp_effect_per_speaker.vcxproj", "{1FB256B5-62EA-4E11-94C8-A24BA99535C8}"
EndProject
Project("{8BC9CEB8-8B4A-11D0-8D11-00A0C91BC942}") = "dsp_inspector", "dsp_inspector.vcxproj", "{D2471215-76B1-4F27-AB00-3BEC33F9D629}"
EndProject
Project("{8BC9CEB8-8B4A-11D0-8D11-00A0C91BC942}") = "effects", "effects.vcxproj", "{17A4AC4A-B3AC-4F8C-9A87-A9F93E5B287D}"
EndProject
Project("{8BC9CEB8-8B4A-11D0-8D11-00A0C91BC942}") = "gapless_playback", "gapless_playback.vcxproj", "{0E95EEA1-346F-4EDB-B9CD-A204E425CCFB}"
EndProject
Project("{8BC9CEB8-8B4A-11D0-8D11-00A0C91BC942}") = "generate_tone", "generate_tone.vcxproj", "{9D249FB9-5FB9-4CDC-9FD8-F934005F784A}"
EndProject
Project("{8BC9CEB8-8B4A-11D0-8D11-00A0C91BC942}") = "granular_synth", "granular_synth.vcxproj", "{82BB1CB6-A4CB-4E6B-B06A-642F0C8F2A04}"
EndProject
Project("{8BC9CEB8-8B4A-11D0-8D11-00A0C91BC942}") = "load_from_memory", "load_from_memory.vcxproj", "{C48DC07B-E1CC-48E3-B866-42DF47E17D67}"
EndProject
Project("{8BC9CEB8-8B4A-11D0-8D11-00A0C91BC942}") = "multiple_speaker", "multiple_speaker.vcxproj", "{5F325FDB-7251-4594-9BD1-E35C6B95AFB5}"
EndProject
Project("{8BC9CEB8-8B4A-11D0-8D11-00A0C91BC942}") = "multiple_system", "multiple_system.vcxproj", "{C1BA5BF8-13DC-4AC4-82BC-6B8ADB432AE6}"
EndProject
Project("{8BC9CEB8-8B4A-11D0-8D11-00A0C91BC942}") = "net_stream", "net_stream.vcxproj", "{261836FE-F9F5-4F18-B808-D5EE86205A3D}"
EndProject
Project("{8BC9CEB8-8B4A-11D0-8D11-00A0C91BC942}") = "play_sound", "play_sound.vcxproj", "{B2B421D2-E3F2-4A63-859A-A85384C822EC}"
EndProject
Project("{8BC9CEB8-8B4A-11D0-8D11-00A0C91BC942}") = "play_stream", "play_stream.vcxproj", "{FB618B6E-50F4-4968-881A-FB5BA4CDEBEA}"
EndProject
Project("{8BC9CEB8-8B4A-11D0-8D11-00A0C91BC942}") = "record", "record.vcxproj", "{3B38EBD2-DEC8-41EF-8394-C6E3A5DD8EFC}"
EndProject
Project("{8BC9CEB8-8B4A-11D0-8D11-00A0C91BC942}") = "record_enumeration", "record_enumeration.vcxproj", "{750F11B2-492C-4FD8-89F3-3DE02B7AE7BC}"
EndProject
Project("{8BC9CEB8-8B4A-11D0-8D11-00A0C91BC942}") = "user_created_sound", "user_created_sound.vcxproj", "{BAC7F432-0F32-4C6A-AE6D-4DDAE9C00871}"
EndProject
Project("{8BC9CEB8-8B4A-11D0-8D11-00A0C91BC942}") = "fmod_codec_raw", "fmod_codec_raw.vcxproj", "{D875F3F8-16F9-472D-9B51-888AA7D9031B}"
EndProject
Project("{8BC9CEB8-8B4A-11D0-8D11-00A0C91BC942}") = "fmod_distance_filter", "fmod_distance_filter.vcxproj", "{0E6F6268-12D3-4A79-B658-8B096ADA53C4}"
EndProject
Project("{8BC9CEB8-8B4A-11D0-8D11-00A0C91BC942}") = "fmod_gain", "fmod_gain.vcxproj", "{B071F554-5905-4144-B97B-E0B45910547F}"
EndProject
Project("{8BC9CEB8-8B4A-11D0-8D11-00A0C91BC942}") = "fmod_noise", "fmod_noise.vcxproj", "{AF7EFBDF-F155-4207-9205-C4AEDC064828}"
EndProject
Project("{8BC9CEB8-8B4A-11D0-8D11-00A0C91BC942}") = "output_mp3", "output_mp3.vcxproj", "{C8EA5BC1-BEFE-40E8-9F80-FF9CE7FF8F0A}"
EndProject
Global
	GlobalSection(SolutionConfigurationPlatforms) = preSolution
		Debug|Win32 = Debug|Win32
		Debug|x64 = Debug|x64
		Release|Win32 = Release|Win32
		Release|x64 = Release|x64
	EndGlobalSection
	GlobalSection(ProjectConfigurationPlatforms) = postSolution
		{A20D5312-DAE9-474E-A63B-79EE94FC676B}.Debug|Win32.ActiveCfg = Debug|Win32
		{A20D5312-DAE9-474E-A63B-79EE94FC676B}.Debug|Win32.Build.0 = Debug|Win32
		{A20D5312-DAE9-474E-A63B-79EE94FC676B}.Debug|Win32.Deploy.0 = Debug|Win32
		{A20D5312-DAE9-474E-A63B-79EE94FC676B}.Debug|x64.ActiveCfg = Debug|x64
		{A20D5312-DAE9-474E-A63B-79EE94FC676B}.Debug|x64.Build.0 = Debug|x64
		{A20D5312-DAE9-474E-A63B-79EE94FC676B}.Debug|x64.Deploy.0 = Debug|x64
		{A20D5312-DAE9-474E-A63B-79EE94FC676B}.Release|Win32.ActiveCfg = Release|Win32
		{A20D5312-DAE9-474E-A63B-79EE94FC676B}.Release|Win32.Build.0 = Release|Win32
		{A20D5312-DAE9-474E-A63B-79EE94FC676B}.Release|Win32.Deploy.0 = Release|Win32
		{A20D5312-DAE9-474E-A63B-79EE94FC676B}.Release|x64.ActiveCfg = Release|x64
		{A20D5312-DAE9-474E-A63B-79EE94FC676B}.Release|x64.Build.0 = Release|x64
		{A20D5312-DAE9-474E-A63B-79EE94FC676B}.Release|x64.Deploy.0 = Release|x64
		{7D17AC9A-DB58-4D6E-840B-CD06F3E7A1CB}.Debug|Win32.ActiveCfg = Debug|Win32
		{7D17AC9A-DB58-4D6E-840B-CD06F3E7A1CB}.Debug|Win32.Build.0 = Debug|Win32
		{7D17AC9A-DB58-4D6E-840B-CD06F3E7A1CB}.Debug|Win32.Deploy.0 = Debug|Win32
		{7D17AC9A-DB58-4D6E-840B-CD06F3E7A1CB}.Debug|x64.ActiveCfg = Debug|x64
		{7D17AC9A-DB58-4D6E-840B-CD06F3E7A1CB}.Debug|x64.Build.0 = Debug|x64
		{7D17AC9A-DB58-4D6E-840B-CD06F3E7A1CB}.Debug|x64.Deploy.0 = Debug|x64
		{7D17AC9A-DB58-4D6E-840B-CD06F3E7A1CB}.Release|Win32.ActiveCfg = Release|Win32
		{7D17AC9A-DB58-4D6E-840B-CD06F3E7A1CB}.Release|Win32.Build.0 = Release|Win32
		{7D17AC9A-DB58-4D6E-840B-CD06F3E7A1CB}.Release|Win32.Deploy.0 = Release|Win32
		{7D17AC9A-DB58-4D6E-840B-CD06F3E7A1CB}.Release|x64.ActiveCfg = Release|x64
		{7D17AC9A-DB58-4D6E-840B-CD06F3E7A1CB}.Release|x64.Build.0 = Release|x64
		{7D17AC9A-DB58-4D6E-840B-CD06F3E7A1CB}.Release|x64.Deploy.0 = Release|x64
		{3719B768-CC73-487C-B71E-5B0F63C912C6}.Debug|Win32.ActiveCfg = Debug|Win32
		{3719B768-CC73-487C-B71E-5B0F63C912C6}.Debug|Win32.Build.0 = Debug|Win32
		{3719B768-CC73-487C-B71E-5B0F63C912C6}.Debug|Win32.Deploy.0 = Debug|Win32
		{3719B768-CC73-487C-B71E-5B0F63C912C6}.Debug|x64.ActiveCfg = Debug|x64
		{3719B768-CC73-487C-B71E-5B0F63C912C6}.Debug|x64.Build.0 = Debug|x64
		{3719B768-CC73-487C-B71E-5B0F63C912C6}.Debug|x64.Deploy.0 = Debug|x64
		{3719B768-CC73-487C-B71E-5B0F63C912C6}.Release|Win32.ActiveCfg = Release|Win32
		{3719B768-CC73-487C-B71E-5B0F63C912C6}.Release|Win32.Build.0 = Release|Win32
		{3719B768-CC73-487C-B71E-5B0F63C912C6}.Release|Win32.Deploy.0 = Release|Win32
		{3719B768-CC73-487C-B71E-5B0F63C912C6}.Release|x64.ActiveCfg = Release|x64
		{3719B768-CC73-487C-B71E-5B0F63C912C6}.Release|x64.Build.0 = Release|x64
		{3719B768-CC73-487C-B71E-5B0F63C912C6}.Release|x64.Deploy.0 = Release|x64
		{19DED756-EAF0-4E9F-BC2A-3104A45F94B4}.Debug|Win32.ActiveCfg = Debug|Win32
		{19DED756-EAF0-4E9F-BC2A-3104A45F94B4}.Debug|Win32.Build.0 = Debug|Win32
		{19DED756-EAF0-4E9F-BC2A-3104A45F94B4}.Debug|Win32.Deploy.0 = Debug|Win32
		{19DED756-EAF0-4E9F-BC2A-3104A45F94B4}.Debug|x64.ActiveCfg = Debug|x64
		{19DED756-EAF0-4E9F-BC2A-3104A45F94B4}.Debug|x64.Build.0 = Debug|x64
		{19DED756-EAF0-4E9F-BC2A-3104A45F94B4}.Debug|x64.Deploy.0 = Debug|x64
		{19DED756-EAF0-4E9F-BC2A-3104A45F94B4}.Release|Win32.ActiveCfg = Release|Win32
		{19DED756-EAF0-4E9F-BC2A-3104A45F94B4}.Release|Win32.Build.0 = Release|Win32
		{19DED756-EAF0-4E9F-BC2A-3104A45F94B4}.Release|Win32.Deploy.0 = Release|Win32
		{19DED756-EAF0-4E9F-BC2A-3104A45F94B4}.Release|x64.ActiveCfg = Release|x64
		{19DED756-EAF0-4E9F-BC2A-3104A45F94B4}.Release|x64.Build.0 = Release|x64
		{19DED756-EAF0-4E9F-BC2A-3104A45F94B4}.Release|x64.Deploy.0 = Release|x64
		{5C5A6FE2-48D5-49A6-ADC8-AFD509AECDDF}.Debug|Win32.ActiveCfg = Debug|Win32
		{5C5A6FE2-48D5-49A6-ADC8-AFD509AECDDF}.Debug|Win32.Build.0 = Debug|Win32
		{5C5A6FE2-48D5-49A6-ADC8-AFD509AECDDF}.Debug|Win32.Deploy.0 = Debug|Win32
		{5C5A6FE2-48D5-49A6-ADC8-AFD509AECDDF}.Debug|x64.ActiveCfg = Debug|x64
		{5C5A6FE2-48D5-49A6-ADC8-AFD509AECDDF}.Debug|x64.Build.0 = Debug|x64
		{5C5A6FE2-48D5-49A6-ADC8-AFD509AECDDF}.Debug|x64.Deploy.0 = Debug|x64
		{5C5A6FE2-48D5-49A6-ADC8-AFD509AECDDF}.Release|Win32.ActiveCfg = Release|Win32
		{5C5A6FE2-48D5-49A6-ADC8-AFD509AECDDF}.Release|Win32.Build.0 = Release|Win32
		{5C5A6FE2-48D5-49A6-ADC8-AFD509AECDDF}.Release|Win32.Deploy.0 = Release|Win32
		{5C5A6FE2-48D5-49A6-ADC8-AFD509AECDDF}.Release|x64.ActiveCfg = Release|x64
		{5C5A6FE2-48D5-49A6-ADC8-AFD509AECDDF}.Release|x64.Build.0 = Release|x64
		{5C5A6FE2-48D5-49A6-ADC8-AFD509AECDDF}.Release|x64.Deploy.0 = Release|x64
		{1FB256B5-62EA-4E11-94C8-A24BA99535C8}.Debug|Win32.ActiveCfg = Debug|Win32
		{1FB256B5-62EA-4E11-94C8-A24BA99535C8}.Debug|Win32.Build.0 = Debug|Win32
		{1FB256B5-62EA-4E11-94C8-A24BA99535C8}.Debug|Win32.Deploy.0 = Debug|Win32
		{1FB256B5-62EA-4E11-94C8-A24BA99535C8}.Debug|x64.ActiveCfg = Debug|x64
		{1FB256B5-62EA-4E11-94C8-A24BA99535C8}.Debug|x64.Build.0 = Debug|x64
		{1FB256B5-62EA-4E11-94C8-A24BA99535C8}.Debug|x64.Deploy.0 = Debug|x64
		{1FB256B5-62EA-4E11-94C8-A24BA99535C8}.Release|Win32.ActiveCfg = Release|Win32
		{1FB256B5-62EA-4E11-94C8-A24BA99535C8}.Release|Win32.Build.0 = Release|Win32
		{1FB256B5-62EA-4E11-94C8-A24BA99535C8}.Release|Win32.Deploy.0 = Release|Win32
		{1FB256B5-62EA-4E11-94C8-A24BA99535C8}.Release|x64.ActiveCfg = Release|x64
		{1FB256B5-62EA-4E11-94C8-A24BA99535C8}.Release|x64.Build.0 = Release|x64
		{1FB256B5-62EA-4E11-94C8-A24BA99535C8}.Release|x64.Deploy.0 = Release|x64
		{D2471215-76B1-4F27-AB00-3BEC33F9D629}.Debug|Win32.ActiveCfg = Debug|Win32
		{D2471215-76B1-4F27-AB00-3BEC33F9D629}.Debug|Win32.Build.0 = Debug|Win32
		{D2471215-76B1-4F27-AB00-3BEC33F9D629}.Debug|Win32.Deploy.0 = Debug|Win32
		{D2471215-76B1-4F27-AB00-3BEC33F9D629}.Debug|x64.ActiveCfg = Debug|x64
		{D2471215-76B1-4F27-AB00-3BEC33F9D629}.Debug|x64.Build.0 = Debug|x64
		{D2471215-76B1-4F27-AB00-3BEC33F9D629}.Debug|x64.Deploy.0 = Debug|x64
		{D2471215-76B1-4F27-AB00-3BEC33F9D629}.Release|Win32.ActiveCfg = Release|Win32
		{D2471215-76B1-4F27-AB00-3BEC33F9D629}.Release|Win32.Build.0 = Release|Win32
		{D2471215-76B1-4F27-AB00-3BEC33F9D629}.Release|Win32.Deploy.0 = Release|Win32
		{D2471215-76B1-4F27-AB00-3BEC33F9D629}.Release|x64.ActiveCfg = Release|x64
		{D2471215-76B1-4F27-AB00-3BEC33F9D629}.Release|x64.Build.0 = Release|x64
		{D2471215-76B1-4F27-AB00-3BEC33F9D629}.Release|x64.Deploy.0 = Release|x64
		{17A4AC4A-B3AC-4F8C-9A87-A9F93E5B287D}.Debug|Win32.ActiveCfg = Debug|Win32
		{17A4AC4A-B3AC-4F8C-9A87-A9F93E5B287D}.Debug|Win32.Build.0 = Debug|Win32
		{17A4AC4A-B3AC-4F8C-9A87-A9F93E5B287D}.Debug|Win32.Deploy.0 = Debug|Win32
		{17A4AC4A-B3AC-4F8C-9A87-A9F93E5B287D}.Debug|x64.ActiveCfg = Debug|x64
		{17A4AC4A-B3AC-4F8C-9A87-A9F93E5B287D}.Debug|x64.Build.0 = Debug|x64
		{17A4AC4A-B3AC-4F8C-9A87-A9F93E5B287D}.Debug|x64.Deploy.0 = Debug|x64
		{17A4AC4A-B3AC-4F8C-9A87-A9F93E5B287D}.Release|Win32.ActiveCfg = Release|Win32
		{17A4AC4A-B3AC-4F8C-9A87-A9F93E5B287D}.Release|Win32.Build.0 = Release|Win32
		{17A4AC4A-B3AC-4F8C-9A87-A9F93E5B287D}.Release|Win32.Deploy.0 = Release|Win32
		{17A4AC4A-B3AC-4F8C-9A87-A9F93E5B287D}.Release|x64.ActiveCfg = Release|x64
		{17A4AC4A-B3AC-4F8C-9A87-A9F93E5B287D}.Release|x64.Build.0 = Release|x64
		{17A4AC4A-B3AC-4F8C-9A87-A9F93E5B287D}.Release|x64.Deploy.0 = Release|x64
		{0E95EEA1-346F-4EDB-B9CD-A204E425CCFB}.Debug|Win32.ActiveCfg = Debug|Win32
		{0E95EEA1-346F-4EDB-B9CD-A204E425CCFB}.Debug|Win32.Build.0 = Debug|Win32
		{0E95EEA1-346F-4EDB-B9CD-A204E425CCFB}.Debug|Win32.Deploy.0 = Debug|Win32
		{0E95EEA1-346F-4EDB-B9CD-A204E425CCFB}.Debug|x64.ActiveCfg = Debug|x64
		{0E95EEA1-346F-4EDB-B9CD-A204E425CCFB}.Debug|x64.Build.0 = Debug|x64
		{0E95EEA1-346F-4EDB-B9CD-A204E425CCFB}.Debug|x64.Deploy.0 = Debug|x64
		{0E95EEA1-346F-4EDB-B9CD-A204E425CCFB}.Release|Win32.ActiveCfg = Release|Win32
		{0E95EEA1-346F-4EDB-B9CD-A204E425CCFB}.Release|Win32.Build.0 = Release|Win32
		{0E95EEA1-346F-4EDB-B9CD-A204E425CCFB}.Release|Win32.Deploy.0 = Release|Win32
		{0E95EEA1-346F-4EDB-B9CD-A204E425CCFB}.Release|x64.ActiveCfg = Release|x64
		{0E95EEA1-346F-4EDB-B9CD-A204E425CCFB}.Release|x64.Build.0 = Release|x64
		{0E95EEA1-346F-4EDB-B9CD-A204E425CCFB}.Release|x64.Deploy.0 = Release|x64
		{9D249FB9-5FB9-4CDC-9FD8-F934005F784A}.Debug|Win32.ActiveCfg = Debug|Win32
		{9D249FB9-5FB9-4CDC-9FD8-F934005F784A}.Debug|Win32.Build.0 = Debug|Win32
		{9D249FB9-5FB9-4CDC-9FD8-F934005F784A}.Debug|Win32.Deploy.0 = Debug|Win32
		{9D249FB9-5FB9-4CDC-9FD8-F934005F784A}.Debug|x64.ActiveCfg = Debug|x64
		{9D249FB9-5FB9-4CDC-9FD8-F934005F784A}.Debug|x64.Build.0 = Debug|x64
		{9D249FB9-5FB9-4CDC-9FD8-F934005F784A}.Debug|x64.Deploy.0 = Debug|x64
		{9D249FB9-5FB9-4CDC-9FD8-F934005F784A}.Release|Win32.ActiveCfg = Release|Win32
		{9D249FB9-5FB9-4CDC-9FD8-F934005F784A}.Release|Win32.Build.0 = Release|Win32
		{9D249FB9-5FB9-4CDC-9FD8-F934005F784A}.Release|Win32.Deploy.0 = Release|Win32
		{9D249FB9-5FB9-4CDC-9FD8-F934005F784A}.Release|x64.ActiveCfg = Release|x64
		{9D249FB9-5FB9-4CDC-9FD8-F934005F784A}.Release|x64.Build.0 = Release|x64
		{9D249FB9-5FB9-4CDC-9FD8-F934005F784A}.Release|x64.Deploy.0 = Release|x64
		{82BB1CB6-A4CB-4E6B-B06A-642F0C8F2A04}.Debug|Win32.ActiveCfg = Debug|Win32
		{82BB1CB6-A4CB-4E6B-B06A-642F0C8F2A04}.Debug|Win32.Build.0 = Debug|Win32
		{82BB1CB6-A4CB-4E6B-B06A-642F0C8F2A04}.Debug|Win32.Deploy.0 = Debug|Win32
		{82BB1CB6-A4CB-4E6B-B06A-642F0C8F2A04}.Debug|x64.ActiveCfg = Debug|x64
		{82BB1CB6-A4CB-4E6B-B06A-642F0C8F2A04}.Debug|x64.Build.0 = Debug|x64
		{82BB1CB6-A4CB-4E6B-B06A-642F0C8F2A04}.Debug|x64.Deploy.0 = Debug|x64
		{82BB1CB6-A4CB-4E6B-B06A-642F0C8F2A04}.Release|Win32.ActiveCfg = Release|Win32
		{82BB1CB6-A4CB-4E6B-B06A-642F0C8F2A04}.Release|Win32.Build.0 = Release|Win32
		{82BB1CB6-A4CB-4E6B-B06A-642F0C8F2A04}.Release|Win32.Deploy.0 = Release|Win32
		{82BB1CB6-A4CB-4E6B-B06A-642F0C8F2A04}.Release|x64.ActiveCfg = Release|x64
		{82BB1CB6-A4CB-4E6B-B06A-642F0C8F2A04}.Release|x64.Build.0 = Release|x64
		{82BB1CB6-A4CB-4E6B-B06A-642F0C8F2A04}.Release|x64.Deploy.0 = Release|x64
		{C48DC07B-E1CC-48E3-B866-42DF47E17D67}.Debug|Win32.ActiveCfg = Debug|Win32
		{C48DC07B-E1CC-48E3-B866-42DF47E17D67}.Debug|Win32.Build.0 = Debug|Win32
		{C48DC07B-E1CC-48E3-B866-42DF47E17D67}.Debug|Win32.Deploy.0 = Debug|Win32
		{C48DC07B-E1CC-48E3-B866-42DF47E17D67}.Debug|x64.ActiveCfg = Debug|x64
		{C48DC07B-E1CC-48E3-B866-42DF47E17D67}.Debug|x64.Build.0 = Debug|x64
		{C48DC07B-E1CC-48E3-B866-42DF47E17D67}.Debug|x64.Deploy.0 = Debug|x64
		{C48DC07B-E1CC-48E3-B866-42DF47E17D67}.Release|Win32.ActiveCfg = Release|Win32
		{C48DC07B-E1CC-48E3-B866-42DF47E17D67}.Release|Win32.Build.0 = Release|Win32
		{C48DC07B-E1CC-48E3-B866-42DF47E17D67}.Release|Win32.Deploy.0 = Release|Win32
		{C48DC07B-E1CC-48E3-B866-42DF47E17D67}.Release|x64.ActiveCfg = Release|x64
		{C48DC07B-E1CC-48E3-B866-42DF47E17D67}.Release|x64.Build.0 = Release|x64
		{C48DC07B-E1CC-48E3-B866-42DF47E17D67}.Release|x64.Deploy.0 = Release|x64
		{5F325FDB-7251-4594-9BD1-E35C6B95AFB5}.Debug|Win32.ActiveCfg = Debug|Win32
		{5F325FDB-7251-4594-9BD1-E35C6B95AFB5}.Debug|Win32.Build.0 = Debug|Win32
		{5F325FDB-7251-4594-9BD1-E35C6B95AFB5}.Debug|Win32.Deploy.0 = Debug|Win32
		{5F325FDB-7251-4594-9BD1-E35C6B95AFB5}.Debug|x64.ActiveCfg = Debug|x64
		{5F325FDB-7251-4594-9BD1-E35C6B95AFB5}.Debug|x64.Build.0 = Debug|x64
		{5F325FDB-7251-4594-9BD1-E35C6B95AFB5}.Debug|x64.Deploy.0 = Debug|x64
		{5F325FDB-7251-4594-9BD1-E35C6B95AFB5}.Release|Win32.ActiveCfg = Release|Win32
		{5F325FDB-7251-4594-9BD1-E35C6B95AFB5}.Release|Win32.Build.0 = Release|Win32
		{5F325FDB-7251-4594-9BD1-E35C6B95AFB5}.Release|Win32.Deploy.0 = Release|Win32
		{5F325FDB-7251-4594-9BD1-E35C6B95AFB5}.Release|x64.ActiveCfg = Release|x64
		{5F325FDB-7251-4594-9BD1-E35C6B95AFB5}.Release|x64.Build.0 = Release|x64
		{5F325FDB-7251-4594-9BD1-E35C6B95AFB5}.Release|x64.Deploy.0 = Release|x64
		{C1BA5BF8-13DC-4AC4-82BC-6B8ADB432AE6}.Debug|Win32.ActiveCfg = Debug|Win32
		{C1BA5BF8-13DC-4AC4-82BC-6B8ADB432AE6}.Debug|Win32.Build.0 = Debug|Win32
		{C1BA5BF8-13DC-4AC4-82BC-6B8ADB432AE6}.Debug|Win32.Deploy.0 = Debug|Win32
		{C1BA5BF8-13DC-4AC4-82BC-6B8ADB432AE6}.Debug|x64.ActiveCfg = Debug|x64
		{C1BA5BF8-13DC-4AC4-82BC-6B8ADB432AE6}.Debug|x64.Build.0 = Debug|x64
		{C1BA5BF8-13DC-4AC4-82BC-6B8ADB432AE6}.Debug|x64.Deploy.0 = Debug|x64
		{C1BA5BF8-13DC-4AC4-82BC-6B8ADB432AE6}.Release|Win32.ActiveCfg = Release|Win32
		{C1BA5BF8-13DC-4AC4-82BC-6B8ADB432AE6}.Release|Win32.Build.0 = Release|Win32
		{C1BA5BF8-13DC-4AC4-82BC-6B8ADB432AE6}.Release|Win32.Deploy.0 = Release|Win32
		{C1BA5BF8-13DC-4AC4-82BC-6B8ADB432AE6}.Release|x64.ActiveCfg = Release|x64
		{C1BA5BF8-13DC-4AC4-82BC-6B8ADB432AE6}.Release|x64.Build.0 = Release|x64
		{C1BA5BF8-13DC-4AC4-82BC-6B8ADB432AE6}.Release|x64.Deploy.0 = Release|x64
		{261836FE-F9F5-4F18-B808-D5EE86205A3D}.Debug|Win32.ActiveCfg = Debug|Win32
		{261836FE-F9F5-4F18-B808-D5EE86205A3D}.Debug|Win32.Build.0 = Debug|Win32
		{261836FE-F9F5-4F18-B808-D5EE86205A3D}.Debug|Win32.Deploy.0 = Debug|Win32
		{261836FE-F9F5-4F18-B808-D5EE86205A3D}.Debug|x64.ActiveCfg = Debug|x64
		{261836FE-F9F5-4F18-B808-D5EE86205A3D}.Debug|x64.Build.0 = Debug|x64
		{261836FE-F9F5-4F18-B808-D5EE86205A3D}.Debug|x64.Deploy.0 = Debug|x64
		{261836FE-F9F5-4F18-B808-D5EE86205A3D}.Release|Win32.ActiveCfg = Release|Win32
		{261836FE-F9F5-4F18-B808-D5EE86205A3D}.Release|Win32.Build.0 = Release|Win32
		{261836FE-F9F5-4F18-B808-D5EE86205A3D}.Release|Win32.Deploy.0 = Release|Win32
		{261836FE-F9F5-4F18-B808-D5EE86205A3D}.Release|x64.ActiveCfg = Release|x64
		{261836FE-F9F5-4F18-B808-D5EE86205A3D}.Release|x64.Build.0 = Release|x64
		{261836FE-F9F5-4F18-B808-D5EE86205A3D}.Release|x64.Deploy.0 = Release|x64
		{B2B421D2-E3F2-4A63-859A-A85384C822EC}.Debug|Win32.ActiveCfg = Debug|Win32
		{B2B421D2-E3F2-4A63-859A-A85384C822EC}.Debug|Win32.Build.0 = Debug|Win32
		{B2B421D2-E3F2-4A63-859A-A85384C822EC}.Debug|Win32.Deploy.0 = Debug|Win32
		{B2B421D2-E3F2-4A63-859A-A85384C822EC}.Debug|x64.ActiveCfg = Debug|x64
		{B2B421D2-E3F2-4A63-859A-A85384C822EC}.Debug|x64.Build.0 = Debug|x64
		{B2B421D2-E3F2-4A63-859A-A85384C822EC}.Debug|x64.Deploy.0 = Debug|x64
		{B2B421D2-E3F2-4A63-859A-A85384C822EC}.Release|Win32.ActiveCfg = Release|Win32
		{B2B421D2-E3F2-4A63-859A-A85384C822EC}.Release|Win32.Build.0 = Release|Win32
		{B2B421D2-E3F2-4A63-859A-A85384C822EC}.Release|Win32.Deploy.0 = Release|Win32
		{B2B421D2-E3F2-4A63-859A-A85384C822EC}.Release|x64.ActiveCfg = Release|x64
		{B2B421D2-E3F2-4A63-859A-A85384C822EC}.Release|x64.Build.0 = Release|x64
		{B2B421D2-E3F2-4A63-859A-A85384C822EC}.Release|x64.Deploy.0 = Release|x64
		{FB618B6E-50F4-4968-881A-FB5BA4CDEBEA}.Debug|Win32.ActiveCfg = Debug|Win32
		{FB618B6E-50F4-4968-881A-FB5BA4CDEBEA}.Debug|Win32.Build.0 = Debug|Win32
		{FB618B6E-50F4-4968-881A-FB5BA4CDEBEA}.Debug|Win32.Deploy.0 = Debug|Win32
		{FB618B6E-50F4-4968-881A-FB5BA4CDEBEA}.Debug|x64.ActiveCfg = Debug|x64
		{FB618B6E-50F4-4968-881A-FB5BA4CDEBEA}.Debug|x64.Build.0 = Debug|x64
		{FB618B6E-50F4-4968-881A-FB5BA4CDEBEA}.Debug|x64.Deploy.0 = Debug|x64
		{FB618B6E-50F4-4968-881A-FB5BA4CDEBEA}.Release|Win32.ActiveCfg = Release|Win32
		{FB618B6E-50F4-4968-881A-FB5BA4CDEBEA}.Release|Win32.Build.0 = Release|Win32
		{FB618B6E-50F4-4968-881A-FB5BA4CDEBEA}.Release|Win32.Deploy.0 = Release|Win32
		{FB618B6E-50F4-4968-881A-FB5BA4CDEBEA}.Release|x64.ActiveCfg = Release|x64
		{FB618B6E-50F4-4968-881A-FB5BA4CDEBEA}.Release|x64.Build.0 = Release|x64
		{FB618B6E-50F4-4968-881A-FB5BA4CDEBEA}.Release|x64.Deploy.0 = Release|x64
		{3B38EBD2-DEC8-41EF-8394-C6E3A5DD8EFC}.Debug|Win32.ActiveCfg = Debug|Win32
		{3B38EBD2-DEC8-41EF-8394-C6E3A5DD8EFC}.Debug|Win32.Build.0 = Debug|Win32
		{3B38EBD2-DEC8-41EF-8394-C6E3A5DD8EFC}.Debug|Win32.Deploy.0 = Debug|Win32
		{3B38EBD2-DEC8-41EF-8394-C6E3A5DD8EFC}.Debug|x64.ActiveCfg = Debug|x64
		{3B38EBD2-DEC8-41EF-8394-C6E3A5DD8EFC}.Debug|x64.Build.0 = Debug|x64
		{3B38EBD2-DEC8-41EF-8394-C6E3A5DD8EFC}.Debug|x64.Deploy.0 = Debug|x64
		{3B38EBD2-DEC8-41EF-8394-C6E3A5DD8EFC}.Release|Win32.ActiveCfg = Release|Win32
		{3B38EBD2-DEC8-41EF-8394-C6E3A5DD8EFC}.Release|Win32.Build.0 = Release|Win32
		{3B38EBD2-DEC8-41EF-8394-C6E3A5DD8EFC}.Release|Win32.Deploy.0 = Release|Win32
		{3B38EBD2-DEC8-41EF-8394-C6E3A5DD8EFC}.Release|x64.ActiveCfg = Release|x64
		{3B38EBD2-DEC8-41EF-8394-C6E3A5DD8EFC}.Release|x64.Build.0 = Release|x64
		{3B38EBD2-DEC8-41EF-8394-C6E3A5DD8EFC}.Release|x64.Deploy.0 = Release|x64
		{750F11B2-492C-4FD8-89F3-3DE02B7AE7BC}.Debug|Win32.ActiveCfg = Debug|Win32
		{750F11B2-492C-4FD8-89F3-3DE02B7AE7BC}.Debug|Win32.Build.0 = Debug|Win32
		{750F11B2-492C-4FD8-89F3-3DE02B7AE7BC}.Debug|Win32.Deploy.0 = Debug|Win32
		{750F11B2-492C-4FD8-89F3-3DE02B7AE7BC}.Debug|x64.ActiveCfg = Debug|x64
		{750F11B2-492C-4FD8-89F3-3DE02B7AE7BC}.Debug|x64.Build.0 = Debug|x64
		{750F11B2-492C-4FD8-89F3-3DE02B7AE7BC}.Debug|x64.Deploy.0 = Debug|x64
		{750F11B2-492C-4FD8-89F3-3DE02B7AE7BC}.Release|Win32.ActiveCfg = Release|Win32
		{750F11B2-492C-4FD8-89F3-3DE02B7AE7BC}.Release|Win32.Build.0 = Release|Win32
		{750F11B2-492C-4FD8-89F3-3DE02B7AE7BC}.Release|Win32.Deploy.0 = Release|Win32
		{750F11B2-492C-4FD8-89F3-3DE02B7AE7BC}.Release|x64.ActiveCfg = Release|x64
		{750F11B2-492C-4FD8-89F3-3DE02B7AE7BC}.Release|x64.Build.0 = Release|x64
		{750F11B2-492C-4FD8-89F3-3DE02B7AE7BC}.Release|x64.Deploy.0 = Release|x64
		{BAC7F432-0F32-4C6A-AE6D-4DDAE9C00871}.Debug|Win32.ActiveCfg = Debug|Win32
		{BAC7F432-0F32-4C6A-AE6D-4DDAE9C00871}.Debug|Win32.Build.0 = Debug|Win32
		{BAC7F432-0F32-4C6A-AE6D-4DDAE9C00871}.Debug|Win32.Deploy.0 = Debug|Win32
		{BAC7F432-0F32-4C6A-AE6D-4DDAE9C00871}.Debug|x64.ActiveCfg = Debug|x64
		{BAC7F432-0F32-4C6A-AE6D-4DDAE9C00871}.Debug|x64.Build.0 = Debug|x64
		{BAC7F432-0F32-4C6A-AE6D-4DDAE9C00871}.Debug|x64.Deploy.0 = Debug|x64
		{BAC7F432-0F32-4C6A-AE6D-4DDAE9C00871}.Release|Win32.ActiveCfg = Release|Win32
		{BAC7F432-0F32-4C6A-AE6D-4DDAE9C00871}.Release|Win32.Build.0 = Release|Win32
		{BAC7F432-0F32-4C6A-AE6D-4DDAE9C00871}.Release|Win32.Deploy.0 = Release|Win32
		{BAC7F432-0F32-4C6A-AE6D-4DDAE9C00871}.Release|x64.ActiveCfg = Release|x64
		{BAC7F432-0F32-4C6A-AE6D-4DDAE9C00871}.Release|x64.Build.0 = Release|x64
		{BAC7F432-0F32-4C6A-AE6D-4DDAE9C00871}.Release|x64.Deploy.0 = Release|x64
		{D875F3F8-16F9-472D-9B51-888AA7D9031B}.Debug|Win32.ActiveCfg = Debug|Win32
		{D875F3F8-16F9-472D-9B51-888AA7D9031B}.Debug|Win32.Build.0 = Debug|Win32
		{D875F3F8-16F9-472D-9B51-888AA7D9031B}.Debug|Win32.Deploy.0 = Debug|Win32
		{D875F3F8-16F9-472D-9B51-888AA7D9031B}.Debug|x64.ActiveCfg = Debug|x64
		{D875F3F8-16F9-472D-9B51-888AA7D9031B}.Debug|x64.Build.0 = Debug|x64
		{D875F3F8-16F9-472D-9B51-888AA7D9031B}.Debug|x64.Deploy.0 = Debug|x64
		{D875F3F8-16F9-472D-9B51-888AA7D9031B}.Release|Win32.ActiveCfg = Release|Win32
		{D875F3F8-16F9-472D-9B51-888AA7D9031B}.Release|Win32.Build.0 = Release|Win32
		{D875F3F8-16F9-472D-9B51-888AA7D9031B}.Release|Win32.Deploy.0 = Release|Win32
		{D875F3F8-16F9-472D-9B51-888AA7D9031B}.Release|x64.ActiveCfg = Release|x64
		{D875F3F8-16F9-472D-9B51-888AA7D9031B}.Release|x64.Build.0 = Release|x64
		{D875F3F8-16F9-472D-9B51-888AA7D9031B}.Release|x64.Deploy.0 = Release|x64
		{0E6F6268-12D3-4A79-B658-8B096ADA53C4}.Debug|Win32.ActiveCfg = Debug|Win32
		{0E6F6268-12D3-4A79-B658-8B096ADA53C4}.Debug|Win32.Build.0 = Debug|Win32
		{0E6F6268-12D3-4A79-B658-8B096ADA53C4}.Debug|Win32.Deploy.0 = Debug|Win32
		{0E6F6268-12D3-4A79-B658-8B096ADA53C4}.Debug|x64.ActiveCfg = Debug|x64
		{0E6F6268-12D3-4A79-B658-8B096ADA53C4}.Debug|x64.Build.0 = Debug|x64
		{0E6F6268-12D3-4A79-B658-8B096ADA53C4}.Debug|x64.Deploy.0 = Debug|x64
		{0E6F6268-12D3-4A79-B658-8B096ADA53C4}.Release|Win32.ActiveCfg = Release|Win32
		{0E6F6268-12D3-4A79-B658-8B096ADA53C4}.Release|Win32.Build.0 = Release|Win32
		{0E6F6268-12D3-4A79-B658-8B096ADA53C4}.Release|Win32.Deploy.0 = Release|Win32
		{0E6F6268-12D3-4A79-B658-8B096ADA53C4}.Release|x64.ActiveCfg = Release|x64
		{0E6F6268-12D3-4A79-B658-8B096ADA53C4}.Release|x64.Build.0 = Release|x64
		{0E6F6268-12D3-4A79-B658-8B096ADA53C4}.Release|x64.Deploy.0 = Release|x64
		{B071F554-5905-4144-B97B-E0B45910547F}.Debug|Win32.ActiveCfg = Debug|Win32
		{B071F554-5905-4144-B97B-E0B45910547F}.Debug|Win32.Build.0 = Debug|Win32
		{B071F554-5905-4144-B97B-E0B45910547F}.Debug|Win32.Deploy.0 = Debug|Win32
		{B071F554-5905-4144-B97B-E0B45910547F}.Debug|x64.ActiveCfg = Debug|x64
		{B071F554-5905-4144-B97B-E0B45910547F}.Debug|x64.Build.0 = Debug|x64
		{B071F554-5905-4144-B97B-E0B45910547F}.Debug|x64.Deploy.0 = Debug|x64
		{B071F554-5905-4144-B97B-E0B45910547F}.Release|Win32.ActiveCfg = Release|Win32
		{B071F554-5905-4144-B97B-E0B45910547F}.Release|Win32.Build.0 = Release|Win32
		{B071F554-5905-4144-B97B-E0B45910547F}.Release|Win32.Deploy.0 = Release|Win32
		{B071F554-5905-4144-B97B-E0B45910547F}.Release|x64.ActiveCfg = Release|x64
		{B071F554-5905-4144-B97B-E0B45910547F}.Release|x64.Build.0 = Release|x64
		{B071F554-5905-4144-B97B-E0B45910547F}.Release|x64.Deploy.0 = Release|x64
		{AF7EFBDF-F155-4207-9205-C4AEDC064828}.Debug|Win32.ActiveCfg = Debug|Win32
		{AF7EFBDF-F155-4207-9205-C4AEDC064828}.Debug|Win32.Build.0 = Debug|Win32
		{AF7EFBDF-F155-4207-9205-C4AEDC064828}.Debug|Win32.Deploy.0 = Debug|Win32
		{AF7EFBDF-F155-4207-9205-C4AEDC064828}.Debug|x64.ActiveCfg = Debug|x64
		{AF7EFBDF-F155-4207-9205-C4AEDC064828}.Debug|x64.Build.0 = Debug|x64
		{AF7EFBDF-F155-4207-9205-C4AEDC064828}.Debug|x64.Deploy.0 = Debug|x64
		{AF7EFBDF-F155-4207-9205-C4AEDC064828}.Release|Win32.ActiveCfg = Release|Win32
		{AF7EFBDF-F155-4207-9205-C4AEDC064828}.Release|Win32.Build.0 = Release|Win32
		{AF7EFBDF-F155-4207-9205-C4AEDC064828}.Release|Win32.Deploy.0 = Release|Win32
		{AF7EFBDF-F155-4207-9205-C4AEDC064828}.Release|x64.ActiveCfg = Release|x64
		{AF7EFBDF-F155-4207-9205-C4AEDC064828}.Release|x64.Build.0 = Release|x64
		{AF7EFBDF-F155-4207-9205-C4AEDC064828}.Release|x64.Deploy.0 = Release|x64
		{C8EA5BC1-BEFE-40E8-9F80-FF9CE7FF8F0A}.Debug|Win32.ActiveCfg = Debug|Win32
		{C8EA5BC1-BEFE-40E8-9F80-FF9CE7FF8F0A}.Debug|Win32.Build.0 = Debug|Win32
		{C8EA5BC1-BEFE-40E8-9F80-FF9CE7FF8F0A}.Debug|Win32.Deploy.0 = Debug|Win32
		{C8EA5BC1-BEFE-40E8-9F80-FF9CE7FF8F0A}.Debug|x64.ActiveCfg = Debug|x64
		{C8EA5BC1-BEFE-40E8-9F80-FF9CE7FF8F0A}.Debug|x64.Build.0 = Debug|x64
		{C8EA5BC1-BEFE-40E8-9F80-FF9CE7FF8F0A}.Debug|x64.Deploy.0 = Debug|x64
		{C8EA5BC1-BEFE-40E8-9F80-FF9CE7FF8F0A}.Release|Win32.ActiveCfg = Release|Win32
		{C8EA5BC1-BEFE-40E8-9F80-FF9CE7FF8F0A}.Release|Win32.Build.0 = Release|Win32
		{C8EA5BC1-BEFE-40E8-9F80-FF9CE7FF8F0A}.Release|Win32.Deploy.0 = Release|Win32
		{C8EA5BC1-BEFE-40E8-9F80-FF9CE7FF8F0A}.Release|x64.ActiveCfg = Release|x64
		{C8EA5BC1-BEFE-40E8-9F80-FF9CE7FF8F0A}.Release|x64.Build.0 = Release|x64
		{C8EA5BC1-BEFE-40E8-9F80-FF9CE7FF8F0A}.Release|x64.Deploy.0 = Release|x64
	EndGlobalSection
	GlobalSection(SolutionProperties) = preSolution
		HideSolutionNode = FALSE
	EndGlobalSection
EndGlobal
